
Microsoft Visual Studio Solution File, Format Version 12.00
# Visual Studio 14
VisualStudioVersion = 14.0.23107.0
MinimumVisualStudioVersion = 10.0.40219.1
Project("{FAE04EC0-301F-11D3-BF4B-00C04F79EFBC}") = "EntityEmpleados", "Entity Empleados\EntityEmpleados.csproj", "{8A519AF2-9F5A-4C7C-BBF3-D57FA5806B72}"
EndProject
Global
	GlobalSection(SolutionConfigurationPlatforms) = preSolution
		Debug|Any CPU = Debug|Any CPU
		Release|Any CPU = Release|Any CPU
	EndGlobalSection
	GlobalSection(ProjectConfigurationPlatforms) = postSolution
		{8A519AF2-9F5A-4C7C-BBF3-D57FA5806B72}.Debug|Any CPU.ActiveCfg = Debug|Any CPU
		{8A519AF2-9F5A-4C7C-BBF3-D57FA5806B72}.Debug|Any CPU.Build.0 = Debug|Any CPU
		{8A519AF2-9F5A-4C7C-BBF3-D57FA5806B72}.Release|Any CPU.ActiveCfg = Release|Any CPU
		{8A519AF2-9F5A-4C7C-BBF3-D57FA5806B72}.Release|Any CPU.Build.0 = Release|Any CPU
	EndGlobalSection
	GlobalSection(SolutionProperties) = preSolution
		HideSolutionNode = FALSE
	EndGlobalSection
EndGlobal
